
Microsoft Visual Studio Solution File, Format Version 12.00
# Visual Studio Version 17
VisualStudioVersion = 17.14.36301.6 d17.14
MinimumVisualStudioVersion = 10.0.40219.1
Project("{8BC9CEB8-8B4A-11D0-8D11-00A0C91BC942}") = "已知最大公因数求最小公倍数", "已知最大公因数求最小公倍数\已知最大公因数求最小公倍数.vcxproj", "{AC74C4C7-8A25-4FAD-815F-2567576A1D57}"
EndProject
Global
	GlobalSection(SolutionConfigurationPlatforms) = preSolution
		Debug|x64 = Debug|x64
		Debug|x86 = Debug|x86
		Release|x64 = Release|x64
		Release|x86 = Release|x86
	EndGlobalSection
	GlobalSection(ProjectConfigurationPlatforms) = postSolution
		{AC74C4C7-8A25-4FAD-815F-2567576A1D57}.Debug|x64.ActiveCfg = Debug|x64
		{AC74C4C7-8A25-4FAD-815F-2567576A1D57}.Debug|x64.Build.0 = Debug|x64
		{AC74C4C7-8A25-4FAD-815F-2567576A1D57}.Debug|x86.ActiveCfg = Debug|Win32
		{AC74C4C7-8A25-4FAD-815F-2567576A1D57}.Debug|x86.Build.0 = Debug|Win32
		{AC74C4C7-8A25-4FAD-815F-2567576A1D57}.Release|x64.ActiveCfg = Release|x64
		{AC74C4C7-8A25-4FAD-815F-2567576A1D57}.Release|x64.Build.0 = Release|x64
		{AC74C4C7-8A25-4FAD-815F-2567576A1D57}.Release|x86.ActiveCfg = Release|Win32
		{AC74C4C7-8A25-4FAD-815F-2567576A1D57}.Release|x86.Build.0 = Release|Win32
	EndGlobalSection
	GlobalSection(SolutionProperties) = preSolution
		HideSolutionNode = FALSE
	EndGlobalSection
	GlobalSection(ExtensibilityGlobals) = postSolution
		SolutionGuid = {7EDAC5CE-6784-4167-86C7-A1028EB84F58}
	EndGlobalSection
EndGlobal
