
Microsoft Visual Studio Solution File, Format Version 12.00
# Visual Studio Version 17
VisualStudioVersion = 17.14.36301.6 d17.14
MinimumVisualStudioVersion = 10.0.40219.1
Project("{8BC9CEB8-8B4A-11D0-8D11-00A0C91BC942}") = "三步翻转法倒置字符串", "三步翻转法倒置字符串\三步翻转法倒置字符串.vcxproj", "{CFA05593-07E0-4D77-9A14-4801478B74E0}"
EndProject
Global
	GlobalSection(SolutionConfigurationPlatforms) = preSolution
		Debug|x64 = Debug|x64
		Debug|x86 = Debug|x86
		Release|x64 = Release|x64
		Release|x86 = Release|x86
	EndGlobalSection
	GlobalSection(ProjectConfigurationPlatforms) = postSolution
		{CFA05593-07E0-4D77-9A14-4801478B74E0}.Debug|x64.ActiveCfg = Debug|x64
		{CFA05593-07E0-4D77-9A14-4801478B74E0}.Debug|x64.Build.0 = Debug|x64
		{CFA05593-07E0-4D77-9A14-4801478B74E0}.Debug|x86.ActiveCfg = Debug|Win32
		{CFA05593-07E0-4D77-9A14-4801478B74E0}.Debug|x86.Build.0 = Debug|Win32
		{CFA05593-07E0-4D77-9A14-4801478B74E0}.Release|x64.ActiveCfg = Release|x64
		{CFA05593-07E0-4D77-9A14-4801478B74E0}.Release|x64.Build.0 = Release|x64
		{CFA05593-07E0-4D77-9A14-4801478B74E0}.Release|x86.ActiveCfg = Release|Win32
		{CFA05593-07E0-4D77-9A14-4801478B74E0}.Release|x86.Build.0 = Release|Win32
	EndGlobalSection
	GlobalSection(SolutionProperties) = preSolution
		HideSolutionNode = FALSE
	EndGlobalSection
	GlobalSection(ExtensibilityGlobals) = postSolution
		SolutionGuid = {BF3042A9-7380-4E12-9C46-2529AC1586A0}
	EndGlobalSection
EndGlobal
